
Microsoft Visual Studio Solution File, Format Version 12.00
# Visual Studio Version 17
VisualStudioVersion = 17.8.34330.188
MinimumVisualStudioVersion = 10.0.40219.1
Project("{FAE04EC0-301F-11D3-BF4B-00C04F79EFBC}") = "WindowsFormsApp3", "WindowsFormsApp3\WindowsFormsApp3.csproj", "{5FC6FE1F-19FE-4BB5-A8C6-8F6FA3BFA942}"
EndProject
Global
	GlobalSection(SolutionConfigurationPlatforms) = preSolution
		Debug|Any CPU = Debug|Any CPU
		Release|Any CPU = Release|Any CPU
	EndGlobalSection
	GlobalSection(ProjectConfigurationPlatforms) = postSolution
		{5FC6FE1F-19FE-4BB5-A8C6-8F6FA3BFA942}.Debug|Any CPU.ActiveCfg = Debug|Any CPU
		{5FC6FE1F-19FE-4BB5-A8C6-8F6FA3BFA942}.Debug|Any CPU.Build.0 = Debug|Any CPU
		{5FC6FE1F-19FE-4BB5-A8C6-8F6FA3BFA942}.Release|Any CPU.ActiveCfg = Release|Any CPU
		{5FC6FE1F-19FE-4BB5-A8C6-8F6FA3BFA942}.Release|Any CPU.Build.0 = Release|Any CPU
	EndGlobalSection
	GlobalSection(SolutionProperties) = preSolution
		HideSolutionNode = FALSE
	EndGlobalSection
	GlobalSection(ExtensibilityGlobals) = postSolution
		SolutionGuid = {59936B63-C6FA-4C78-9B15-763EEAD7EBB1}
	EndGlobalSection
EndGlobal
