
Microsoft Visual Studio Solution File, Format Version 12.00
# Visual Studio Version 17
VisualStudioVersion = 17.9.34607.119
MinimumVisualStudioVersion = 10.0.40219.1
Project("{FAE04EC0-301F-11D3-BF4B-00C04F79EFBC}") = "lap1", "lap1\lap1.csproj", "{F542B188-F1B2-4FF4-8529-4BAE8A3B85E5}"
EndProject
Global
	GlobalSection(SolutionConfigurationPlatforms) = preSolution
		Debug|Any CPU = Debug|Any CPU
		Release|Any CPU = Release|Any CPU
	EndGlobalSection
	GlobalSection(ProjectConfigurationPlatforms) = postSolution
		{F542B188-F1B2-4FF4-8529-4BAE8A3B85E5}.Debug|Any CPU.ActiveCfg = Debug|Any CPU
		{F542B188-F1B2-4FF4-8529-4BAE8A3B85E5}.Debug|Any CPU.Build.0 = Debug|Any CPU
		{F542B188-F1B2-4FF4-8529-4BAE8A3B85E5}.Release|Any CPU.ActiveCfg = Release|Any CPU
		{F542B188-F1B2-4FF4-8529-4BAE8A3B85E5}.Release|Any CPU.Build.0 = Release|Any CPU
	EndGlobalSection
	GlobalSection(SolutionProperties) = preSolution
		HideSolutionNode = FALSE
	EndGlobalSection
	GlobalSection(ExtensibilityGlobals) = postSolution
		SolutionGuid = {B99CA55E-5276-4EBE-96FB-DEF66023202D}
	EndGlobalSection
EndGlobal
