
Microsoft Visual Studio Solution File, Format Version 12.00
# Visual Studio Version 17
VisualStudioVersion = 17.9.34607.119
MinimumVisualStudioVersion = 10.0.40219.1
Project("{FAE04EC0-301F-11D3-BF4B-00C04F79EFBC}") = "Webconsumer", "Webconsumer\Webconsumer.csproj", "{EC2F0A14-85EE-4A0F-AF1D-795F76B9D7AA}"
EndProject
Global
	GlobalSection(SolutionConfigurationPlatforms) = preSolution
		Debug|Any CPU = Debug|Any CPU
		Release|Any CPU = Release|Any CPU
	EndGlobalSection
	GlobalSection(ProjectConfigurationPlatforms) = postSolution
		{EC2F0A14-85EE-4A0F-AF1D-795F76B9D7AA}.Debug|Any CPU.ActiveCfg = Debug|Any CPU
		{EC2F0A14-85EE-4A0F-AF1D-795F76B9D7AA}.Debug|Any CPU.Build.0 = Debug|Any CPU
		{EC2F0A14-85EE-4A0F-AF1D-795F76B9D7AA}.Release|Any CPU.ActiveCfg = Release|Any CPU
		{EC2F0A14-85EE-4A0F-AF1D-795F76B9D7AA}.Release|Any CPU.Build.0 = Release|Any CPU
	EndGlobalSection
	GlobalSection(SolutionProperties) = preSolution
		HideSolutionNode = FALSE
	EndGlobalSection
	GlobalSection(ExtensibilityGlobals) = postSolution
		SolutionGuid = {37E39D2F-431D-4354-B722-D686BD791628}
	EndGlobalSection
EndGlobal
