
Microsoft Visual Studio Solution File, Format Version 12.00
# Visual Studio Version 17
VisualStudioVersion = 17.8.34330.188
MinimumVisualStudioVersion = 10.0.40219.1
Project("{FAE04EC0-301F-11D3-BF4B-00C04F79EFBC}") = "lab4", "lab4\lab4.csproj", "{8E8BA895-B726-40FF-B2D7-353914652089}"
EndProject
Global
	GlobalSection(SolutionConfigurationPlatforms) = preSolution
		Debug|Any CPU = Debug|Any CPU
		Release|Any CPU = Release|Any CPU
	EndGlobalSection
	GlobalSection(ProjectConfigurationPlatforms) = postSolution
		{8E8BA895-B726-40FF-B2D7-353914652089}.Debug|Any CPU.ActiveCfg = Debug|Any CPU
		{8E8BA895-B726-40FF-B2D7-353914652089}.Debug|Any CPU.Build.0 = Debug|Any CPU
		{8E8BA895-B726-40FF-B2D7-353914652089}.Release|Any CPU.ActiveCfg = Release|Any CPU
		{8E8BA895-B726-40FF-B2D7-353914652089}.Release|Any CPU.Build.0 = Release|Any CPU
	EndGlobalSection
	GlobalSection(SolutionProperties) = preSolution
		HideSolutionNode = FALSE
	EndGlobalSection
	GlobalSection(ExtensibilityGlobals) = postSolution
		SolutionGuid = {43B5C94B-328E-4FCD-A9C2-EB647D13E838}
	EndGlobalSection
EndGlobal
